
Microsoft Visual Studio Solution File, Format Version 12.00
# Visual Studio Version 17
VisualStudioVersion = 17.1.32210.238
MinimumVisualStudioVersion = 10.0.40219.1
Project("{FAE04EC0-301F-11D3-BF4B-00C04F79EFBC}") = "XamlSamples.Android", "XamlSamples.Android\XamlSamples.Android.csproj", "{9C0EB5DA-D199-40B6-A295-F5E9922F7B6A}"
EndProject
Project("{FAE04EC0-301F-11D3-BF4B-00C04F79EFBC}") = "XamlSamples.iOS", "XamlSamples.iOS\XamlSamples.iOS.csproj", "{CB470ABA-9217-48F8-9113-4666F18C0277}"
EndProject
Project("{FAE04EC0-301F-11D3-BF4B-00C04F79EFBC}") = "XamlSamples", "XamlSamples\XamlSamples.csproj", "{1405ACBB-A16E-4643-BFCF-2852001A8011}"
EndProject
Global
	GlobalSection(SolutionConfigurationPlatforms) = preSolution
		Debug|Any CPU = Debug|Any CPU
		Debug|iPhone = Debug|iPhone
		Debug|iPhoneSimulator = Debug|iPhoneSimulator
		Release|Any CPU = Release|Any CPU
		Release|iPhone = Release|iPhone
		Release|iPhoneSimulator = Release|iPhoneSimulator
	EndGlobalSection
	GlobalSection(ProjectConfigurationPlatforms) = postSolution
		{9C0EB5DA-D199-40B6-A295-F5E9922F7B6A}.Debug|Any CPU.ActiveCfg = Debug|Any CPU
		{9C0EB5DA-D199-40B6-A295-F5E9922F7B6A}.Debug|Any CPU.Build.0 = Debug|Any CPU
		{9C0EB5DA-D199-40B6-A295-F5E9922F7B6A}.Debug|Any CPU.Deploy.0 = Debug|Any CPU
		{9C0EB5DA-D199-40B6-A295-F5E9922F7B6A}.Debug|iPhone.ActiveCfg = Debug|Any CPU
		{9C0EB5DA-D199-40B6-A295-F5E9922F7B6A}.Debug|iPhone.Build.0 = Debug|Any CPU
		{9C0EB5DA-D199-40B6-A295-F5E9922F7B6A}.Debug|iPhone.Deploy.0 = Debug|Any CPU
		{9C0EB5DA-D199-40B6-A295-F5E9922F7B6A}.Debug|iPhoneSimulator.ActiveCfg = Debug|Any CPU
		{9C0EB5DA-D199-40B6-A295-F5E9922F7B6A}.Debug|iPhoneSimulator.Build.0 = Debug|Any CPU
		{9C0EB5DA-D199-40B6-A295-F5E9922F7B6A}.Debug|iPhoneSimulator.Deploy.0 = Debug|Any CPU
		{9C0EB5DA-D199-40B6-A295-F5E9922F7B6A}.Release|Any CPU.ActiveCfg = Release|Any CPU
		{9C0EB5DA-D199-40B6-A295-F5E9922F7B6A}.Release|Any CPU.Build.0 = Release|Any CPU
		{9C0EB5DA-D199-40B6-A295-F5E9922F7B6A}.Release|Any CPU.Deploy.0 = Release|Any CPU
		{9C0EB5DA-D199-40B6-A295-F5E9922F7B6A}.Release|iPhone.ActiveCfg = Release|Any CPU
		{9C0EB5DA-D199-40B6-A295-F5E9922F7B6A}.Release|iPhone.Build.0 = Release|Any CPU
		{9C0EB5DA-D199-40B6-A295-F5E9922F7B6A}.Release|iPhone.Deploy.0 = Release|Any CPU
		{9C0EB5DA-D199-40B6-A295-F5E9922F7B6A}.Release|iPhoneSimulator.ActiveCfg = Release|Any CPU
		{9C0EB5DA-D199-40B6-A295-F5E9922F7B6A}.Release|iPhoneSimulator.Build.0 = Release|Any CPU
		{9C0EB5DA-D199-40B6-A295-F5E9922F7B6A}.Release|iPhoneSimulator.Deploy.0 = Release|Any CPU
		{CB470ABA-9217-48F8-9113-4666F18C0277}.Debug|Any CPU.ActiveCfg = Debug|iPhone
		{CB470ABA-9217-48F8-9113-4666F18C0277}.Debug|Any CPU.Build.0 = Debug|iPhone
		{CB470ABA-9217-48F8-9113-4666F18C0277}.Debug|Any CPU.Deploy.0 = Debug|iPhone
		{CB470ABA-9217-48F8-9113-4666F18C0277}.Debug|iPhone.ActiveCfg = Debug|iPhone
		{CB470ABA-9217-48F8-9113-4666F18C0277}.Debug|iPhone.Build.0 = Debug|iPhone
		{CB470ABA-9217-48F8-9113-4666F18C0277}.Debug|iPhone.Deploy.0 = Debug|iPhone
		{CB470ABA-9217-48F8-9113-4666F18C0277}.Debug|iPhoneSimulator.ActiveCfg = Debug|iPhoneSimulator
		{CB470ABA-9217-48F8-9113-4666F18C0277}.Debug|iPhoneSimulator.Build.0 = Debug|iPhoneSimulator
		{CB470ABA-9217-48F8-9113-4666F18C0277}.Debug|iPhoneSimulator.Deploy.0 = Debug|iPhoneSimulator
		{CB470ABA-9217-48F8-9113-4666F18C0277}.Release|Any CPU.ActiveCfg = Release|iPhoneSimulator
		{CB470ABA-9217-48F8-9113-4666F18C0277}.Release|Any CPU.Build.0 = Release|iPhoneSimulator
		{CB470ABA-9217-48F8-9113-4666F18C0277}.Release|Any CPU.Deploy.0 = Release|iPhoneSimulator
		{CB470ABA-9217-48F8-9113-4666F18C0277}.Release|iPhone.ActiveCfg = Release|iPhone
		{CB470ABA-9217-48F8-9113-4666F18C0277}.Release|iPhone.Build.0 = Release|iPhone
		{CB470ABA-9217-48F8-9113-4666F18C0277}.Release|iPhone.Deploy.0 = Release|iPhone
		{CB470ABA-9217-48F8-9113-4666F18C0277}.Release|iPhoneSimulator.ActiveCfg = Release|iPhoneSimulator
		{CB470ABA-9217-48F8-9113-4666F18C0277}.Release|iPhoneSimulator.Build.0 = Release|iPhoneSimulator
		{CB470ABA-9217-48F8-9113-4666F18C0277}.Release|iPhoneSimulator.Deploy.0 = Release|iPhoneSimulator
		{1405ACBB-A16E-4643-BFCF-2852001A8011}.Debug|Any CPU.ActiveCfg = Debug|Any CPU
		{1405ACBB-A16E-4643-BFCF-2852001A8011}.Debug|Any CPU.Build.0 = Debug|Any CPU
		{1405ACBB-A16E-4643-BFCF-2852001A8011}.Debug|Any CPU.Deploy.0 = Debug|Any CPU
		{1405ACBB-A16E-4643-BFCF-2852001A8011}.Debug|iPhone.ActiveCfg = Debug|Any CPU
		{1405ACBB-A16E-4643-BFCF-2852001A8011}.Debug|iPhone.Build.0 = Debug|Any CPU
		{1405ACBB-A16E-4643-BFCF-2852001A8011}.Debug|iPhone.Deploy.0 = Debug|Any CPU
		{1405ACBB-A16E-4643-BFCF-2852001A8011}.Debug|iPhoneSimulator.ActiveCfg = Debug|Any CPU
		{1405ACBB-A16E-4643-BFCF-2852001A8011}.Debug|iPhoneSimulator.Build.0 = Debug|Any CPU
		{1405ACBB-A16E-4643-BFCF-2852001A8011}.Debug|iPhoneSimulator.Deploy.0 = Debug|Any CPU
		{1405ACBB-A16E-4643-BFCF-2852001A8011}.Release|Any CPU.ActiveCfg = Release|Any CPU
		{1405ACBB-A16E-4643-BFCF-2852001A8011}.Release|Any CPU.Build.0 = Release|Any CPU
		{1405ACBB-A16E-4643-BFCF-2852001A8011}.Release|Any CPU.Deploy.0 = Release|Any CPU
		{1405ACBB-A16E-4643-BFCF-2852001A8011}.Release|iPhone.ActiveCfg = Release|Any CPU
		{1405ACBB-A16E-4643-BFCF-2852001A8011}.Release|iPhone.Build.0 = Release|Any CPU
		{1405ACBB-A16E-4643-BFCF-2852001A8011}.Release|iPhone.Deploy.0 = Release|Any CPU
		{1405ACBB-A16E-4643-BFCF-2852001A8011}.Release|iPhoneSimulator.ActiveCfg = Release|Any CPU
		{1405ACBB-A16E-4643-BFCF-2852001A8011}.Release|iPhoneSimulator.Build.0 = Release|Any CPU
		{1405ACBB-A16E-4643-BFCF-2852001A8011}.Release|iPhoneSimulator.Deploy.0 = Release|Any CPU
	EndGlobalSection
	GlobalSection(SolutionProperties) = preSolution
		HideSolutionNode = FALSE
	EndGlobalSection
	GlobalSection(ExtensibilityGlobals) = postSolution
		SolutionGuid = {D3D234CD-669D-470D-88D1-66866519D25F}
	EndGlobalSection
EndGlobal
